
Microsoft Visual Studio Solution File, Format Version 12.00
# Visual Studio Version 17
VisualStudioVersion = 17.11.35327.3
MinimumVisualStudioVersion = 10.0.40219.1
Project("{FAE04EC0-301F-11D3-BF4B-00C04F79EFBC}") = "ChainVisionApp", "ChainVisionApp\ChainVisionApp.csproj", "{235D95D1-427B-4763-A75F-74940A4EAE23}"
EndProject
Global
	GlobalSection(SolutionConfigurationPlatforms) = preSolution
		Debug|Any CPU = Debug|Any CPU
		Release|Any CPU = Release|Any CPU
	EndGlobalSection
	GlobalSection(ProjectConfigurationPlatforms) = postSolution
		{235D95D1-427B-4763-A75F-74940A4EAE23}.Debug|Any CPU.ActiveCfg = Debug|Any CPU
		{235D95D1-427B-4763-A75F-74940A4EAE23}.Debug|Any CPU.Build.0 = Debug|Any CPU
		{235D95D1-427B-4763-A75F-74940A4EAE23}.Release|Any CPU.ActiveCfg = Release|Any CPU
		{235D95D1-427B-4763-A75F-74940A4EAE23}.Release|Any CPU.Build.0 = Release|Any CPU
	EndGlobalSection
	GlobalSection(SolutionProperties) = preSolution
		HideSolutionNode = FALSE
	EndGlobalSection
	GlobalSection(ExtensibilityGlobals) = postSolution
		SolutionGuid = {872EDF19-4AB5-46E3-9D42-F439CD1CAFA1}
	EndGlobalSection
EndGlobal
